
Microsoft Visual Studio Solution File, Format Version 12.00
# Visual Studio Version 16
VisualStudioVersion = 16.0.29102.190
MinimumVisualStudioVersion = 10.0.40219.1
Project("{FAE04EC0-301F-11D3-BF4B-00C04F79EFBC}") = "ConverterPDF", "ConverterPDF\ConverterPDF.csproj", "{D2B41D04-6912-4A94-A298-4A343D551B3A}"
EndProject
Project("{FAE04EC0-301F-11D3-BF4B-00C04F79EFBC}") = "TelegramBotConverter", "TelegramBotConverter\TelegramBotConverter.csproj", "{F06A8E36-9A68-4D81-A9DA-6D308B7A6AEB}"
EndProject
Global
	GlobalSection(SolutionConfigurationPlatforms) = preSolution
		Debug|Any CPU = Debug|Any CPU
		Release|Any CPU = Release|Any CPU
	EndGlobalSection
	GlobalSection(ProjectConfigurationPlatforms) = postSolution
		{D2B41D04-6912-4A94-A298-4A343D551B3A}.Debug|Any CPU.ActiveCfg = Debug|Any CPU
		{D2B41D04-6912-4A94-A298-4A343D551B3A}.Debug|Any CPU.Build.0 = Debug|Any CPU
		{D2B41D04-6912-4A94-A298-4A343D551B3A}.Release|Any CPU.ActiveCfg = Release|Any CPU
		{D2B41D04-6912-4A94-A298-4A343D551B3A}.Release|Any CPU.Build.0 = Release|Any CPU
		{F06A8E36-9A68-4D81-A9DA-6D308B7A6AEB}.Debug|Any CPU.ActiveCfg = Debug|Any CPU
		{F06A8E36-9A68-4D81-A9DA-6D308B7A6AEB}.Debug|Any CPU.Build.0 = Debug|Any CPU
		{F06A8E36-9A68-4D81-A9DA-6D308B7A6AEB}.Release|Any CPU.ActiveCfg = Release|Any CPU
		{F06A8E36-9A68-4D81-A9DA-6D308B7A6AEB}.Release|Any CPU.Build.0 = Release|Any CPU
	EndGlobalSection
	GlobalSection(SolutionProperties) = preSolution
		HideSolutionNode = FALSE
	EndGlobalSection
	GlobalSection(ExtensibilityGlobals) = postSolution
		SolutionGuid = {D7C67102-8E7C-46AA-B20D-1C6F0AE66A47}
	EndGlobalSection
EndGlobal
